
Microsoft Visual Studio Solution File, Format Version 12.00
# Visual Studio Version 16
VisualStudioVersion = 16.0.29503.13
MinimumVisualStudioVersion = 10.0.40219.1
Project("{FAE04EC0-301F-11D3-BF4B-00C04F79EFBC}") = "crud_api", "crud_api\crud_api.csproj", "{6C6EC77B-336E-4AA1-AF9A-A73B271552FE}"
EndProject
Global
	GlobalSection(SolutionConfigurationPlatforms) = preSolution
		Debug|Any CPU = Debug|Any CPU
		Release|Any CPU = Release|Any CPU
	EndGlobalSection
	GlobalSection(ProjectConfigurationPlatforms) = postSolution
		{6C6EC77B-336E-4AA1-AF9A-A73B271552FE}.Debug|Any CPU.ActiveCfg = Debug|Any CPU
		{6C6EC77B-336E-4AA1-AF9A-A73B271552FE}.Debug|Any CPU.Build.0 = Debug|Any CPU
		{6C6EC77B-336E-4AA1-AF9A-A73B271552FE}.Release|Any CPU.ActiveCfg = Release|Any CPU
		{6C6EC77B-336E-4AA1-AF9A-A73B271552FE}.Release|Any CPU.Build.0 = Release|Any CPU
	EndGlobalSection
	GlobalSection(SolutionProperties) = preSolution
		HideSolutionNode = FALSE
	EndGlobalSection
	GlobalSection(ExtensibilityGlobals) = postSolution
		SolutionGuid = {DA07E9B0-FC93-4058-BC7E-7C71D884CBAD}
	EndGlobalSection
EndGlobal
